{
  "version": 4,
  "terraform_version": "1.0.0",
  "serial": 508,
  "lineage": "dc77ce54-41b5-525f-7495-ffa86b290092",
  "outputs": {
    "public_connection_string": {
      "value": "ssh -i CF-key.pem ec2-user@54.92.182.45",
      "type": "string"
    }
  },
  "resources": [
    {
      "mode": "managed",
      "type": "aws_autoscaling_attachment",
      "name": "svc_asg_external2",
      "provider": "provider[\"registry.terraform.io/hashicorp/aws\"]",
      "instances": [
        {
          "schema_version": 0,
          "attributes": {
            "alb_target_group_arn": "arn:aws:elasticloadbalancing:us-east-1:076662237489:targetgroup/target-group/fc7fecf66223b6d6",
            "autoscaling_group_name": "example-asg-20210617001239192600000003",
            "elb": null,
            "id": "example-asg-20210617001239192600000003-20210617015546763500000001"
          },
          "sensitive_attributes": [],
          "private": "bnVsbA==",
          "dependencies": [
            "module.alb.aws_lb_target_group.main",
            "module.asg.aws_autoscaling_group.this"
          ]
        }
      ]
    },
    {
      "module": "module.alb",
      "mode": "managed",
      "type": "aws_alb_listener",
      "name": "listener_http",
      "provider": "provider[\"registry.terraform.io/hashicorp/aws\"]",
      "instances": [
        {
          "schema_version": 0,
          "attributes": {
            "alpn_policy": null,
            "arn": "arn:aws:elasticloadbalancing:us-east-1:076662237489:listener/app/my-alb/0b92587e0c355ed1/93c08ab1b0972f0e",
            "certificate_arn": null,
            "default_action": [
              {
                "authenticate_cognito": [],
                "authenticate_oidc": [],
                "fixed_response": [],
                "forward": [],
                "order": 1,
                "redirect": [],
                "target_group_arn": "arn:aws:elasticloadbalancing:us-east-1:076662237489:targetgroup/target-group/fc7fecf66223b6d6",
                "type": "forward"
              }
            ],
            "id": "arn:aws:elasticloadbalancing:us-east-1:076662237489:listener/app/my-alb/0b92587e0c355ed1/93c08ab1b0972f0e",
            "load_balancer_arn": "arn:aws:elasticloadbalancing:us-east-1:076662237489:loadbalancer/app/my-alb/0b92587e0c355ed1",
            "port": 80,
            "protocol": "HTTP",
            "ssl_policy": "",
            "tags": {},
            "tags_all": {},
            "timeouts": null
          },
          "sensitive_attributes": [],
          "private": "eyJlMmJmYjczMC1lY2FhLTExZTYtOGY4OC0zNDM2M2JjN2M0YzAiOnsicmVhZCI6NjAwMDAwMDAwMDAwfX0=",
          "dependencies": [
            "module.alb.aws_lb.this",
            "module.asg.null_resource.tags_as_list_of_maps",
            "module.networking.module.vpc.aws_vpc_ipv4_cidr_block_association.this",
            "module.networking.module.vpc.aws_subnet.private",
            "module.networking.module.vpc.aws_vpc.this",
            "module.alb.aws_lb_target_group.main",
            "module.asg.aws_autoscaling_group.this",
            "module.asg.aws_launch_configuration.this",
            "module.asg.aws_launch_template.this",
            "module.networking.aws_security_group.allow_ssh_priv"
          ]
        }
      ]
    },
    {
      "module": "module.alb",
      "mode": "managed",
      "type": "aws_lb",
      "name": "this",
      "provider": "provider[\"registry.terraform.io/hashicorp/aws\"]",
      "instances": [
        {
          "index_key": 0,
          "schema_version": 0,
          "attributes": {
            "access_logs": [
              {
                "bucket": "",
                "enabled": false,
                "prefix": ""
              }
            ],
            "arn": "arn:aws:elasticloadbalancing:us-east-1:076662237489:loadbalancer/app/my-alb/0b92587e0c355ed1",
            "arn_suffix": "app/my-alb/0b92587e0c355ed1",
            "customer_owned_ipv4_pool": "",
            "dns_name": "my-alb-409492972.us-east-1.elb.amazonaws.com",
            "drop_invalid_header_fields": false,
            "enable_cross_zone_load_balancing": null,
            "enable_deletion_protection": false,
            "enable_http2": true,
            "id": "arn:aws:elasticloadbalancing:us-east-1:076662237489:loadbalancer/app/my-alb/0b92587e0c355ed1",
            "idle_timeout": 60,
            "internal": false,
            "ip_address_type": "ipv4",
            "load_balancer_type": "application",
            "name": "my-alb",
            "name_prefix": null,
            "security_groups": [
              "sg-0a8038f2197859464"
            ],
            "subnet_mapping": [
              {
                "allocation_id": "",
                "ipv6_address": "",
                "outpost_id": "",
                "private_ipv4_address": "",
                "subnet_id": "subnet-066e6fc49c3303200"
              },
              {
                "allocation_id": "",
                "ipv6_address": "",
                "outpost_id": "",
                "private_ipv4_address": "",
                "subnet_id": "subnet-0a5277014842beb33"
              }
            ],
            "subnets": [
              "subnet-066e6fc49c3303200",
              "subnet-0a5277014842beb33"
            ],
            "tags": {},
            "tags_all": {},
            "timeouts": null,
            "vpc_id": "vpc-047412479f625f3c2",
            "zone_id": "Z35SXDOTRQ7X7K"
          },
          "sensitive_attributes": [],
          "private": "eyJlMmJmYjczMC1lY2FhLTExZTYtOGY4OC0zNDM2M2JjN2M0YzAiOnsiY3JlYXRlIjo2MDAwMDAwMDAwMDAsImRlbGV0ZSI6NjAwMDAwMDAwMDAwLCJ1cGRhdGUiOjYwMDAwMDAwMDAwMH19",
          "dependencies": [
            "module.networking.aws_security_group.allow_ssh_priv",
            "module.networking.module.vpc.aws_subnet.private",
            "module.networking.module.vpc.aws_vpc.this",
            "module.networking.module.vpc.aws_vpc_ipv4_cidr_block_association.this"
          ]
        }
      ]
    },
    {
      "module": "module.alb",
      "mode": "managed",
      "type": "aws_lb_target_group",
      "name": "main",
      "provider": "provider[\"registry.terraform.io/hashicorp/aws\"]",
      "instances": [
        {
          "index_key": 0,
          "schema_version": 0,
          "attributes": {
            "arn": "arn:aws:elasticloadbalancing:us-east-1:076662237489:targetgroup/target-group/fc7fecf66223b6d6",
            "arn_suffix": "targetgroup/target-group/fc7fecf66223b6d6",
            "deregistration_delay": 300,
            "health_check": [
              {
                "enabled": true,
                "healthy_threshold": 5,
                "interval": 30,
                "matcher": "200,202",
                "path": "/index.html",
                "port": "80",
                "protocol": "HTTP",
                "timeout": 5,
                "unhealthy_threshold": 2
              }
            ],
            "id": "arn:aws:elasticloadbalancing:us-east-1:076662237489:targetgroup/target-group/fc7fecf66223b6d6",
            "lambda_multi_value_headers_enabled": false,
            "load_balancing_algorithm_type": "round_robin",
            "name": "target-group",
            "name_prefix": null,
            "port": 80,
            "preserve_client_ip": null,
            "protocol": "HTTP",
            "protocol_version": "HTTP1",
            "proxy_protocol_v2": false,
            "slow_start": 0,
            "stickiness": [
              {
                "cookie_duration": 86400,
                "enabled": false,
                "type": "lb_cookie"
              }
            ],
            "tags": {},
            "tags_all": {},
            "target_type": "instance",
            "vpc_id": "vpc-047412479f625f3c2"
          },
          "sensitive_attributes": [],
          "private": "bnVsbA==",
          "dependencies": [
            "module.networking.module.vpc.aws_vpc_ipv4_cidr_block_association.this",
            "module.asg.aws_autoscaling_group.this",
            "module.asg.aws_launch_configuration.this",
            "module.asg.aws_launch_template.this",
            "module.networking.module.vpc.aws_subnet.private",
            "module.networking.module.vpc.aws_vpc.this",
            "module.alb.aws_lb.this",
            "module.asg.null_resource.tags_as_list_of_maps",
            "module.networking.aws_security_group.allow_ssh_priv"
          ]
        }
      ]
    },
    {
      "module": "module.asg",
      "mode": "managed",
      "type": "aws_autoscaling_group",
      "name": "this",
      "provider": "provider[\"registry.terraform.io/hashicorp/aws\"]",
      "instances": [
        {
          "index_key": 0,
          "schema_version": 0,
          "attributes": {
            "arn": "arn:aws:autoscaling:us-east-1:076662237489:autoScalingGroup:54833c67-99ec-4374-a2ec-b47e56260f9d:autoScalingGroupName/example-asg-20210617001239192600000003",
            "availability_zones": [
              "us-east-1b"
            ],
            "capacity_rebalance": false,
            "default_cooldown": 300,
            "desired_capacity": 2,
            "enabled_metrics": [],
            "force_delete": false,
            "force_delete_warm_pool": false,
            "health_check_grace_period": 300,
            "health_check_type": "EC2",
            "id": "example-asg-20210617001239192600000003",
            "initial_lifecycle_hook": [
              {
                "default_result": "CONTINUE",
                "heartbeat_timeout": 180,
                "lifecycle_transition": "autoscaling:EC2_INSTANCE_TERMINATING",
                "name": "ExampleTerminationLifeCycleHook",
                "notification_metadata": "{\"goodbye\":\"world\"}",
                "notification_target_arn": "",
                "role_arn": ""
              },
              {
                "default_result": "CONTINUE",
                "heartbeat_timeout": 60,
                "lifecycle_transition": "autoscaling:EC2_INSTANCE_LAUNCHING",
                "name": "ExampleStartupLifeCycleHook",
                "notification_metadata": "{\"hello\":\"world\"}",
                "notification_target_arn": "",
                "role_arn": ""
              }
            ],
            "instance_refresh": [],
            "launch_configuration": "",
            "launch_template": [
              {
                "id": "lt-020e07731a2cba91c",
                "name": "example-asg-20210617001238270100000001",
                "version": "1"
              }
            ],
            "load_balancers": [],
            "max_instance_lifetime": 0,
            "max_size": 6,
            "metrics_granularity": "1Minute",
            "min_elb_capacity": null,
            "min_size": 2,
            "mixed_instances_policy": [],
            "name": "example-asg-20210617001239192600000003",
            "name_prefix": "example-asg-",
            "placement_group": "",
            "protect_from_scale_in": false,
            "service_linked_role_arn": "arn:aws:iam::076662237489:role/aws-service-role/autoscaling.amazonaws.com/AWSServiceRoleForAutoScaling",
            "suspended_processes": [],
            "tag": [],
            "tags": [
              {
                "key": "Environment",
                "propagate_at_launch": "true",
                "value": "dev"
              },
              {
                "key": "Name",
                "propagate_at_launch": "true",
                "value": "example-asg"
              },
              {
                "key": "Project",
                "propagate_at_launch": "true",
                "value": "megasecret"
              },
              {
                "key": "extra_tag1",
                "propagate_at_launch": "true",
                "value": "extra_value1"
              },
              {
                "key": "extra_tag2",
                "propagate_at_launch": "true",
                "value": "extra_value2"
              }
            ],
            "target_group_arns": [],
            "termination_policies": [],
            "timeouts": {
              "delete": null
            },
            "vpc_zone_identifier": [
              "subnet-066e6fc49c3303200"
            ],
            "wait_for_capacity_timeout": "0",
            "wait_for_elb_capacity": null,
            "warm_pool": []
          },
          "sensitive_attributes": [],
          "private": "eyJlMmJmYjczMC1lY2FhLTExZTYtOGY4OC0zNDM2M2JjN2M0YzAiOnsiZGVsZXRlIjo2MDAwMDAwMDAwMDB9fQ==",
          "dependencies": [
            "module.asg.aws_launch_configuration.this",
            "module.asg.aws_launch_template.this",
            "module.asg.null_resource.tags_as_list_of_maps",
            "module.networking.aws_security_group.allow_ssh_priv",
            "module.networking.module.vpc.aws_subnet.private",
            "module.networking.module.vpc.aws_vpc.this",
            "module.networking.module.vpc.aws_vpc_ipv4_cidr_block_association.this"
          ],
          "create_before_destroy": true
        }
      ]
    },
    {
      "module": "module.asg",
      "mode": "managed",
      "type": "aws_launch_template",
      "name": "this",
      "provider": "provider[\"registry.terraform.io/hashicorp/aws\"]",
      "instances": [
        {
          "index_key": 0,
          "schema_version": 0,
          "attributes": {
            "arn": "arn:aws:ec2:us-east-1:076662237489:launch-template/lt-020e07731a2cba91c",
            "block_device_mappings": [
              {
                "device_name": "/dev/xvda",
                "ebs": [
                  {
                    "delete_on_termination": "true",
                    "encrypted": "true",
                    "iops": 0,
                    "kms_key_id": "",
                    "snapshot_id": "",
                    "throughput": 0,
                    "volume_size": 20,
                    "volume_type": "gp2"
                  }
                ],
                "no_device": "0",
                "virtual_name": ""
              }
            ],
            "capacity_reservation_specification": [
              {
                "capacity_reservation_preference": "open",
                "capacity_reservation_target": []
              }
            ],
            "cpu_options": [],
            "credit_specification": [],
            "default_version": 1,
            "description": "Launch template example",
            "disable_api_termination": false,
            "ebs_optimized": "false",
            "elastic_gpu_specifications": [],
            "elastic_inference_accelerator": [],
            "enclave_options": [],
            "hibernation_options": [],
            "iam_instance_profile": [],
            "id": "lt-020e07731a2cba91c",
            "image_id": "ami-0b0af3577fe5e3532",
            "instance_initiated_shutdown_behavior": "",
            "instance_market_options": [
              {
                "market_type": "spot",
                "spot_options": [
                  {
                    "block_duration_minutes": 60,
                    "instance_interruption_behavior": "",
                    "max_price": "",
                    "spot_instance_type": "",
                    "valid_until": ""
                  }
                ]
              }
            ],
            "instance_type": "t2.micro",
            "kernel_id": "",
            "key_name": "",
            "latest_version": 1,
            "license_specification": [],
            "metadata_options": [
              {
                "http_endpoint": "enabled",
                "http_put_response_hop_limit": 32,
                "http_tokens": "required"
              }
            ],
            "monitoring": [
              {
                "enabled": false
              }
            ],
            "name": "example-asg-20210617001238270100000001",
            "name_prefix": "example-asg-",
            "network_interfaces": [
              {
                "associate_carrier_ip_address": "",
                "associate_public_ip_address": "",
                "delete_on_termination": "true",
                "description": "eth0",
                "device_index": 0,
                "interface_type": "",
                "ipv4_address_count": 0,
                "ipv4_addresses": [],
                "ipv6_address_count": 0,
                "ipv6_addresses": [],
                "network_interface_id": "",
                "private_ip_address": "",
                "security_groups": [
                  "sg-0a8038f2197859464"
                ],
                "subnet_id": ""
              },
              {
                "associate_carrier_ip_address": "",
                "associate_public_ip_address": "",
                "delete_on_termination": "true",
                "description": "eth1",
                "device_index": 1,
                "interface_type": "",
                "ipv4_address_count": 0,
                "ipv4_addresses": [],
                "ipv6_address_count": 0,
                "ipv6_addresses": [],
                "network_interface_id": "",
                "private_ip_address": "",
                "security_groups": [
                  "sg-0a8038f2197859464"
                ],
                "subnet_id": ""
              }
            ],
            "placement": [
              {
                "affinity": "",
                "availability_zone": "us-east-2b",
                "group_name": "",
                "host_id": "",
                "host_resource_group_arn": "",
                "partition_number": 0,
                "spread_domain": "",
                "tenancy": ""
              }
            ],
            "ram_disk_id": "",
            "security_group_names": [],
            "tag_specifications": [
              {
                "resource_type": "instance",
                "tags": {
                  "WhatAmI": "Instance"
                }
              },
              {
                "resource_type": "volume",
                "tags": {
                  "WhatAmI": "Volume"
                }
              },
              {
                "resource_type": "spot-instances-request",
                "tags": {
                  "WhatAmI": "SpotInstanceRequest"
                }
              }
            ],
            "tags": {
              "extra_tag1": "extra_value1",
              "extra_tag2": "extra_value2"
            },
            "tags_all": {
              "extra_tag1": "extra_value1",
              "extra_tag2": "extra_value2"
            },
            "update_default_version": true,
            "user_data": "",
            "vpc_security_group_ids": []
          },
          "sensitive_attributes": [],
          "private": "bnVsbA==",
          "dependencies": [
            "module.networking.module.vpc.aws_vpc.this",
            "module.networking.aws_security_group.allow_ssh_priv"
          ],
          "create_before_destroy": true
        }
      ]
    },
    {
      "module": "module.asg",
      "mode": "managed",
      "type": "null_resource",
      "name": "tags_as_list_of_maps",
      "provider": "provider[\"registry.terraform.io/hashicorp/null\"]",
      "instances": [
        {
          "index_key": 0,
          "schema_version": 0,
          "attributes": {
            "id": "5149855914260447580",
            "triggers": {
              "key": "extra_tag1",
              "propagate_at_launch": "true",
              "value": "extra_value1"
            }
          },
          "sensitive_attributes": [],
          "private": "bnVsbA==",
          "create_before_destroy": true
        },
        {
          "index_key": 1,
          "schema_version": 0,
          "attributes": {
            "id": "6475601810948646076",
            "triggers": {
              "key": "extra_tag2",
              "propagate_at_launch": "true",
              "value": "extra_value2"
            }
          },
          "sensitive_attributes": [],
          "private": "bnVsbA==",
          "create_before_destroy": true
        }
      ]
    },
    {
      "module": "module.ec2",
      "mode": "managed",
      "type": "aws_instance",
      "name": "ec2_public",
      "provider": "provider[\"registry.terraform.io/hashicorp/aws\"]",
      "instances": [
        {
          "schema_version": 1,
          "attributes": {
            "ami": "ami-0ff8a91507f77f867",
            "arn": "arn:aws:ec2:us-east-1:076662237489:instance/i-0e39f52ed6a769d6f",
            "associate_public_ip_address": true,
            "availability_zone": "us-east-1a",
            "capacity_reservation_specification": [
              {
                "capacity_reservation_preference": "open",
                "capacity_reservation_target": []
              }
            ],
            "cpu_core_count": 1,
            "cpu_threads_per_core": 1,
            "credit_specification": [
              {
                "cpu_credits": "standard"
              }
            ],
            "disable_api_termination": false,
            "ebs_block_device": [],
            "ebs_optimized": false,
            "enclave_options": [
              {
                "enabled": false
              }
            ],
            "ephemeral_block_device": [],
            "get_password_data": false,
            "hibernation": false,
            "host_id": null,
            "iam_instance_profile": "",
            "id": "i-0e39f52ed6a769d6f",
            "instance_initiated_shutdown_behavior": "stop",
            "instance_state": "running",
            "instance_type": "t2.micro",
            "ipv6_address_count": 0,
            "ipv6_addresses": [],
            "key_name": "CF-key",
            "metadata_options": [
              {
                "http_endpoint": "enabled",
                "http_put_response_hop_limit": 1,
                "http_tokens": "optional"
              }
            ],
            "monitoring": false,
            "network_interface": [],
            "outpost_arn": "",
            "password_data": "",
            "placement_group": "",
            "primary_network_interface_id": "eni-0cb8557d71e437109",
            "private_dns": "ip-10-1-0-148.ec2.internal",
            "private_ip": "10.1.0.148",
            "public_dns": "",
            "public_ip": "54.92.182.45",
            "root_block_device": [
              {
                "delete_on_termination": true,
                "device_name": "/dev/xvda",
                "encrypted": false,
                "iops": 100,
                "kms_key_id": "",
                "tags": {},
                "throughput": 0,
                "volume_id": "vol-02c442469be3809c7",
                "volume_size": 8,
                "volume_type": "gp2"
              }
            ],
            "secondary_private_ips": [],
            "security_groups": [],
            "source_dest_check": true,
            "subnet_id": "subnet-0618ef58649b1c79b",
            "tags": {
              "Name": "CF-EC2-PUBLIC"
            },
            "tags_all": {
              "Name": "CF-EC2-PUBLIC"
            },
            "tenancy": "default",
            "timeouts": null,
            "user_data": null,
            "user_data_base64": null,
            "volume_tags": null,
            "vpc_security_group_ids": [
              "sg-0efb7cef2f0625a13"
            ]
          },
          "sensitive_attributes": [],
          "private": "eyJlMmJmYjczMC1lY2FhLTExZTYtOGY4OC0zNDM2M2JjN2M0YzAiOnsiY3JlYXRlIjo2MDAwMDAwMDAwMDAsImRlbGV0ZSI6MTIwMDAwMDAwMDAwMCwidXBkYXRlIjo2MDAwMDAwMDAwMDB9LCJzY2hlbWFfdmVyc2lvbiI6IjEifQ==",
          "dependencies": [
            "module.networking.module.vpc.aws_network_acl_rule.elasticache_inbound",
            "module.networking.module.vpc.aws_network_acl_rule.private_inbound",
            "module.networking.module.vpc.aws_vpn_gateway_attachment.this",
            "module.networking.module.vpc.aws_default_route_table.default",
            "module.networking.module.vpc.aws_network_acl.database",
            "module.networking.module.vpc.aws_subnet.public",
            "module.ssh-key.tls_private_key.key",
            "module.networking.module.vpc.aws_network_acl.redshift",
            "module.networking.module.vpc.aws_route_table.elasticache",
            "module.networking.module.vpc.aws_network_acl.elasticache",
            "module.networking.module.vpc.aws_network_acl_rule.redshift_inbound",
            "module.networking.module.vpc.aws_route.private_ipv6_egress",
            "module.networking.module.vpc.aws_route_table.intra",
            "module.networking.module.vpc.aws_route_table_association.elasticache",
            "module.networking.module.vpc.aws_network_acl_rule.elasticache_outbound",
            "module.networking.module.vpc.aws_network_acl_rule.outpost_outbound",
            "module.networking.module.vpc.aws_network_acl_rule.intra_inbound",
            "module.networking.module.vpc.aws_route_table_association.private",
            "module.networking.module.vpc.aws_vpn_gateway_route_propagation.private",
            "module.networking.module.vpc.aws_cloudwatch_log_group.flow_log",
            "module.networking.module.vpc.aws_elasticache_subnet_group.elasticache",
            "module.networking.module.vpc.aws_route.database_internet_gateway",
            "module.networking.module.vpc.aws_route.public_internet_gateway",
            "module.networking.module.vpc.aws_route_table_association.database",
            "module.networking.module.vpc.aws_vpn_gateway_route_propagation.public",
            "module.networking.module.vpc.aws_network_acl_rule.database_inbound",
            "module.networking.module.vpc.aws_network_acl_rule.database_outbound",
            "module.networking.module.vpc.aws_redshift_subnet_group.redshift",
            "module.networking.module.vpc.aws_route_table_association.intra",
            "module.networking.module.vpc.aws_subnet.database",
            "module.networking.module.vpc.aws_db_subnet_group.database",
            "module.networking.module.vpc.aws_egress_only_internet_gateway.this",
            "module.networking.module.vpc.aws_network_acl_rule.redshift_outbound",
            "module.networking.module.vpc.aws_route_table.database",
            "module.networking.module.vpc.aws_iam_policy.vpc_flow_log_cloudwatch",
            "module.networking.module.vpc.aws_network_acl.intra",
            "module.networking.module.vpc.aws_eip.nat",
            "module.networking.module.vpc.aws_nat_gateway.this",
            "module.networking.module.vpc.aws_network_acl.outpost",
            "module.networking.module.vpc.aws_route.database_ipv6_egress",
            "module.networking.module.vpc.aws_route.public_internet_gateway_ipv6",
            "module.networking.module.vpc.aws_vpc.this",
            "module.networking.module.vpc.aws_customer_gateway.this",
            "module.networking.module.vpc.aws_default_security_group.this",
            "module.networking.module.vpc.aws_subnet.private",
            "module.networking.module.vpc.aws_iam_role.vpc_flow_log_cloudwatch",
            "module.networking.module.vpc.aws_network_acl.private",
            "module.networking.module.vpc.aws_flow_log.this",
            "module.networking.module.vpc.aws_subnet.redshift",
            "module.networking.module.vpc.aws_network_acl_rule.outpost_inbound",
            "module.networking.module.vpc.aws_route_table_association.public",
            "module.networking.module.vpc.aws_route_table_association.redshift_public",
            "module.networking.module.vpc.aws_subnet.outpost",
            "module.networking.module.vpc.aws_vpc_dhcp_options_association.this",
            "module.networking.module.vpc.data.aws_iam_policy_document.flow_log_cloudwatch_assume_role",
            "module.networking.module.vpc.aws_default_network_acl.this",
            "module.networking.module.vpc.aws_network_acl_rule.intra_outbound",
            "module.networking.module.vpc.aws_network_acl_rule.public_outbound",
            "module.networking.module.vpc.aws_route_table.public",
            "module.networking.module.vpc.aws_vpc_ipv4_cidr_block_association.this",
            "module.networking.aws_security_group.allow_ssh_pub",
            "module.networking.module.vpc.aws_network_acl_rule.public_inbound",
            "module.networking.module.vpc.aws_route_table.redshift",
            "module.networking.module.vpc.aws_route_table_association.redshift",
            "module.networking.module.vpc.aws_iam_role_policy_attachment.vpc_flow_log_cloudwatch",
            "module.networking.module.vpc.aws_route.database_nat_gateway",
            "module.networking.module.vpc.aws_route.private_nat_gateway",
            "module.networking.module.vpc.aws_route_table.private",
            "module.networking.module.vpc.aws_route_table_association.outpost",
            "module.networking.module.vpc.aws_subnet.elasticache",
            "module.networking.module.vpc.aws_vpn_gateway.this",
            "module.networking.module.vpc.aws_vpn_gateway_route_propagation.intra",
            "module.networking.module.vpc.aws_default_vpc.this",
            "module.networking.module.vpc.aws_network_acl_rule.private_outbound",
            "module.networking.module.vpc.data.aws_iam_policy_document.vpc_flow_log_cloudwatch",
            "module.ssh-key.aws_key_pair.key_pair",
            "module.networking.module.vpc.aws_subnet.intra",
            "module.networking.module.vpc.aws_vpc_dhcp_options.this",
            "module.networking.module.vpc.aws_internet_gateway.this",
            "module.networking.module.vpc.aws_network_acl.public"
          ]
        }
      ]
    },
    {
      "module": "module.networking",
      "mode": "managed",
      "type": "aws_security_group",
      "name": "allow_ssh_priv",
      "provider": "provider[\"registry.terraform.io/hashicorp/aws\"]",
      "instances": [
        {
          "schema_version": 1,
          "attributes": {
            "arn": "arn:aws:ec2:us-east-1:076662237489:security-group/sg-0a8038f2197859464",
            "description": "Allow SSH inbound traffic",
            "egress": [
              {
                "cidr_blocks": [
                  "0.0.0.0/0"
                ],
                "description": "",
                "from_port": 0,
                "ipv6_cidr_blocks": [],
                "prefix_list_ids": [],
                "protocol": "-1",
                "security_groups": [],
                "self": false,
                "to_port": 0
              }
            ],
            "id": "sg-0a8038f2197859464",
            "ingress": [
              {
                "cidr_blocks": [
                  "10.0.0.0/16"
                ],
                "description": "SSH only from internal VPC clients",
                "from_port": 22,
                "ipv6_cidr_blocks": [],
                "prefix_list_ids": [],
                "protocol": "tcp",
                "security_groups": [],
                "self": false,
                "to_port": 22
              }
            ],
            "name": "CF-allow_ssh_priv",
            "name_prefix": "",
            "owner_id": "076662237489",
            "revoke_rules_on_delete": false,
            "tags": {
              "Name": "CF-allow_ssh_priv"
            },
            "tags_all": {
              "Name": "CF-allow_ssh_priv"
            },
            "timeouts": null,
            "vpc_id": "vpc-047412479f625f3c2"
          },
          "sensitive_attributes": [],
          "private": "eyJlMmJmYjczMC1lY2FhLTExZTYtOGY4OC0zNDM2M2JjN2M0YzAiOnsiY3JlYXRlIjo2MDAwMDAwMDAwMDAsImRlbGV0ZSI6OTAwMDAwMDAwMDAwfSwic2NoZW1hX3ZlcnNpb24iOiIxIn0=",
          "dependencies": [
            "module.networking.module.vpc.aws_vpc.this"
          ],
          "create_before_destroy": true
        }
      ]
    },
    {
      "module": "module.networking",
      "mode": "managed",
      "type": "aws_security_group",
      "name": "allow_ssh_pub",
      "provider": "provider[\"registry.terraform.io/hashicorp/aws\"]",
      "instances": [
        {
          "schema_version": 1,
          "attributes": {
            "arn": "arn:aws:ec2:us-east-1:076662237489:security-group/sg-0efb7cef2f0625a13",
            "description": "Allow SSH inbound traffic",
            "egress": [
              {
                "cidr_blocks": [
                  "0.0.0.0/0"
                ],
                "description": "",
                "from_port": 0,
                "ipv6_cidr_blocks": [],
                "prefix_list_ids": [],
                "protocol": "-1",
                "security_groups": [],
                "self": false,
                "to_port": 0
              }
            ],
            "id": "sg-0efb7cef2f0625a13",
            "ingress": [
              {
                "cidr_blocks": [
                  "0.0.0.0/0"
                ],
                "description": "SSH from the internet",
                "from_port": 22,
                "ipv6_cidr_blocks": [],
                "prefix_list_ids": [],
                "protocol": "tcp",
                "security_groups": [],
                "self": false,
                "to_port": 22
              }
            ],
            "name": "CF-allow_ssh",
            "name_prefix": "",
            "owner_id": "076662237489",
            "revoke_rules_on_delete": false,
            "tags": {
              "Name": "CF-allow_ssh_pub"
            },
            "tags_all": {
              "Name": "CF-allow_ssh_pub"
            },
            "timeouts": null,
            "vpc_id": "vpc-047412479f625f3c2"
          },
          "sensitive_attributes": [],
          "private": "eyJlMmJmYjczMC1lY2FhLTExZTYtOGY4OC0zNDM2M2JjN2M0YzAiOnsiY3JlYXRlIjo2MDAwMDAwMDAwMDAsImRlbGV0ZSI6OTAwMDAwMDAwMDAwfSwic2NoZW1hX3ZlcnNpb24iOiIxIn0=",
          "dependencies": [
            "module.networking.module.vpc.aws_vpc.this"
          ]
        }
      ]
    },
    {
      "module": "module.networking.module.vpc",
      "mode": "managed",
      "type": "aws_eip",
      "name": "nat",
      "provider": "provider[\"registry.terraform.io/hashicorp/aws\"]",
      "instances": [
        {
          "index_key": 0,
          "schema_version": 0,
          "attributes": {
            "address": null,
            "allocation_id": null,
            "associate_with_private_ip": null,
            "association_id": "eipassoc-0cd92161eb2de179a",
            "carrier_ip": "",
            "customer_owned_ip": "",
            "customer_owned_ipv4_pool": "",
            "domain": "vpc",
            "id": "eipalloc-0f0d8cfbdee77cd3f",
            "instance": "",
            "network_border_group": "us-east-1",
            "network_interface": "eni-00b6c90dc65784859",
            "private_dns": "ip-10-1-0-192.ec2.internal",
            "private_ip": "10.1.0.192",
            "public_dns": "ec2-52-207-101-130.compute-1.amazonaws.com",
            "public_ip": "52.207.101.130",
            "public_ipv4_pool": "amazon",
            "tags": {
              "Name": "CF-vpc-us-east-1a"
            },
            "tags_all": {
              "Name": "CF-vpc-us-east-1a"
            },
            "timeouts": null,
            "vpc": true
          },
          "sensitive_attributes": [],
          "private": "eyJlMmJmYjczMC1lY2FhLTExZTYtOGY4OC0zNDM2M2JjN2M0YzAiOnsiZGVsZXRlIjoxODAwMDAwMDAwMDAsInJlYWQiOjkwMDAwMDAwMDAwMCwidXBkYXRlIjozMDAwMDAwMDAwMDB9fQ=="
        }
      ]
    },
    {
      "module": "module.networking.module.vpc",
      "mode": "managed",
      "type": "aws_internet_gateway",
      "name": "this",
      "provider": "provider[\"registry.terraform.io/hashicorp/aws\"]",
      "instances": [
        {
          "index_key": 0,
          "schema_version": 0,
          "attributes": {
            "arn": "arn:aws:ec2:us-east-1:076662237489:internet-gateway/igw-0c8d096648ce64502",
            "id": "igw-0c8d096648ce64502",
            "owner_id": "076662237489",
            "tags": {
              "Name": "CF-vpc"
            },
            "tags_all": {
              "Name": "CF-vpc"
            },
            "vpc_id": "vpc-047412479f625f3c2"
          },
          "sensitive_attributes": [],
          "private": "bnVsbA==",
          "dependencies": [
            "module.networking.module.vpc.aws_vpc.this",
            "module.networking.module.vpc.aws_vpc_ipv4_cidr_block_association.this"
          ]
        }
      ]
    },
    {
      "module": "module.networking.module.vpc",
      "mode": "managed",
      "type": "aws_nat_gateway",
      "name": "this",
      "provider": "provider[\"registry.terraform.io/hashicorp/aws\"]",
      "instances": [
        {
          "index_key": 0,
          "schema_version": 0,
          "attributes": {
            "allocation_id": "eipalloc-0f0d8cfbdee77cd3f",
            "connectivity_type": "public",
            "id": "nat-0d946c94e669f98a8",
            "network_interface_id": "eni-00b6c90dc65784859",
            "private_ip": "10.1.0.192",
            "public_ip": "52.207.101.130",
            "subnet_id": "subnet-0618ef58649b1c79b",
            "tags": {
              "Name": "CF-vpc-us-east-1a"
            },
            "tags_all": {
              "Name": "CF-vpc-us-east-1a"
            }
          },
          "sensitive_attributes": [],
          "private": "bnVsbA==",
          "dependencies": [
            "module.networking.module.vpc.aws_eip.nat",
            "module.networking.module.vpc.aws_internet_gateway.this",
            "module.networking.module.vpc.aws_subnet.public",
            "module.networking.module.vpc.aws_vpc.this",
            "module.networking.module.vpc.aws_vpc_ipv4_cidr_block_association.this"
          ]
        }
      ]
    },
    {
      "module": "module.networking.module.vpc",
      "mode": "managed",
      "type": "aws_route",
      "name": "private_nat_gateway",
      "provider": "provider[\"registry.terraform.io/hashicorp/aws\"]",
      "instances": [
        {
          "index_key": 0,
          "schema_version": 0,
          "attributes": {
            "carrier_gateway_id": "",
            "destination_cidr_block": "0.0.0.0/0",
            "destination_ipv6_cidr_block": "",
            "destination_prefix_list_id": "",
            "egress_only_gateway_id": "",
            "gateway_id": "",
            "id": "r-rtb-063430db10f2956441080289494",
            "instance_id": "",
            "instance_owner_id": "",
            "local_gateway_id": "",
            "nat_gateway_id": "nat-0d946c94e669f98a8",
            "network_interface_id": "",
            "origin": "CreateRoute",
            "route_table_id": "rtb-063430db10f295644",
            "state": "active",
            "timeouts": {
              "create": "5m",
              "delete": null
            },
            "transit_gateway_id": "",
            "vpc_endpoint_id": "",
            "vpc_peering_connection_id": ""
          },
          "sensitive_attributes": [],
          "private": "eyJlMmJmYjczMC1lY2FhLTExZTYtOGY4OC0zNDM2M2JjN2M0YzAiOnsiY3JlYXRlIjozMDAwMDAwMDAwMDAsImRlbGV0ZSI6MzAwMDAwMDAwMDAwfX0=",
          "dependencies": [
            "module.networking.module.vpc.aws_route_table.private",
            "module.networking.module.vpc.aws_subnet.public",
            "module.networking.module.vpc.aws_vpc.this",
            "module.networking.module.vpc.aws_vpc_ipv4_cidr_block_association.this",
            "module.networking.module.vpc.aws_eip.nat",
            "module.networking.module.vpc.aws_internet_gateway.this",
            "module.networking.module.vpc.aws_nat_gateway.this"
          ]
        }
      ]
    },
    {
      "module": "module.networking.module.vpc",
      "mode": "managed",
      "type": "aws_route",
      "name": "public_internet_gateway",
      "provider": "provider[\"registry.terraform.io/hashicorp/aws\"]",
      "instances": [
        {
          "index_key": 0,
          "schema_version": 0,
          "attributes": {
            "carrier_gateway_id": "",
            "destination_cidr_block": "0.0.0.0/0",
            "destination_ipv6_cidr_block": "",
            "destination_prefix_list_id": "",
            "egress_only_gateway_id": "",
            "gateway_id": "igw-0c8d096648ce64502",
            "id": "r-rtb-04a25e168019a7a261080289494",
            "instance_id": "",
            "instance_owner_id": "",
            "local_gateway_id": "",
            "nat_gateway_id": "",
            "network_interface_id": "",
            "origin": "CreateRoute",
            "route_table_id": "rtb-04a25e168019a7a26",
            "state": "active",
            "timeouts": {
              "create": "5m",
              "delete": null
            },
            "transit_gateway_id": "",
            "vpc_endpoint_id": "",
            "vpc_peering_connection_id": ""
          },
          "sensitive_attributes": [],
          "private": "eyJlMmJmYjczMC1lY2FhLTExZTYtOGY4OC0zNDM2M2JjN2M0YzAiOnsiY3JlYXRlIjozMDAwMDAwMDAwMDAsImRlbGV0ZSI6MzAwMDAwMDAwMDAwfX0=",
          "dependencies": [
            "module.networking.module.vpc.aws_route_table.public",
            "module.networking.module.vpc.aws_vpc.this",
            "module.networking.module.vpc.aws_vpc_ipv4_cidr_block_association.this",
            "module.networking.module.vpc.aws_internet_gateway.this"
          ]
        }
      ]
    },
    {
      "module": "module.networking.module.vpc",
      "mode": "managed",
      "type": "aws_route_table",
      "name": "private",
      "provider": "provider[\"registry.terraform.io/hashicorp/aws\"]",
      "instances": [
        {
          "index_key": 0,
          "schema_version": 0,
          "attributes": {
            "arn": "arn:aws:ec2:us-east-1:076662237489:route-table/rtb-063430db10f295644",
            "id": "rtb-063430db10f295644",
            "owner_id": "076662237489",
            "propagating_vgws": [],
            "route": [
              {
                "carrier_gateway_id": "",
                "cidr_block": "0.0.0.0/0",
                "destination_prefix_list_id": "",
                "egress_only_gateway_id": "",
                "gateway_id": "",
                "instance_id": "",
                "ipv6_cidr_block": "",
                "local_gateway_id": "",
                "nat_gateway_id": "nat-0d946c94e669f98a8",
                "network_interface_id": "",
                "transit_gateway_id": "",
                "vpc_endpoint_id": "",
                "vpc_peering_connection_id": ""
              }
            ],
            "tags": {
              "Name": "CF-vpc-private"
            },
            "tags_all": {
              "Name": "CF-vpc-private"
            },
            "vpc_id": "vpc-047412479f625f3c2"
          },
          "sensitive_attributes": [],
          "private": "bnVsbA==",
          "dependencies": [
            "module.networking.module.vpc.aws_vpc.this",
            "module.networking.module.vpc.aws_vpc_ipv4_cidr_block_association.this"
          ]
        }
      ]
    },
    {
      "module": "module.networking.module.vpc",
      "mode": "managed",
      "type": "aws_route_table",
      "name": "public",
      "provider": "provider[\"registry.terraform.io/hashicorp/aws\"]",
      "instances": [
        {
          "index_key": 0,
          "schema_version": 0,
          "attributes": {
            "arn": "arn:aws:ec2:us-east-1:076662237489:route-table/rtb-04a25e168019a7a26",
            "id": "rtb-04a25e168019a7a26",
            "owner_id": "076662237489",
            "propagating_vgws": [],
            "route": [
              {
                "carrier_gateway_id": "",
                "cidr_block": "0.0.0.0/0",
                "destination_prefix_list_id": "",
                "egress_only_gateway_id": "",
                "gateway_id": "igw-0c8d096648ce64502",
                "instance_id": "",
                "ipv6_cidr_block": "",
                "local_gateway_id": "",
                "nat_gateway_id": "",
                "network_interface_id": "",
                "transit_gateway_id": "",
                "vpc_endpoint_id": "",
                "vpc_peering_connection_id": ""
              }
            ],
            "tags": {
              "Name": "CF-vpc-public"
            },
            "tags_all": {
              "Name": "CF-vpc-public"
            },
            "vpc_id": "vpc-047412479f625f3c2"
          },
          "sensitive_attributes": [],
          "private": "bnVsbA==",
          "dependencies": [
            "module.networking.module.vpc.aws_vpc.this",
            "module.networking.module.vpc.aws_vpc_ipv4_cidr_block_association.this"
          ]
        }
      ]
    },
    {
      "module": "module.networking.module.vpc",
      "mode": "managed",
      "type": "aws_route_table_association",
      "name": "private",
      "provider": "provider[\"registry.terraform.io/hashicorp/aws\"]",
      "instances": [
        {
          "index_key": 0,
          "schema_version": 0,
          "attributes": {
            "gateway_id": null,
            "id": "rtbassoc-0d1aba89988188535",
            "route_table_id": "rtb-063430db10f295644",
            "subnet_id": "subnet-0a5277014842beb33"
          },
          "sensitive_attributes": [],
          "private": "bnVsbA==",
          "dependencies": [
            "module.networking.module.vpc.aws_route_table.private",
            "module.networking.module.vpc.aws_subnet.private",
            "module.networking.module.vpc.aws_vpc.this",
            "module.networking.module.vpc.aws_vpc_ipv4_cidr_block_association.this"
          ]
        },
        {
          "index_key": 1,
          "schema_version": 0,
          "attributes": {
            "gateway_id": null,
            "id": "rtbassoc-0e5f9c71648c9ccb1",
            "route_table_id": "rtb-063430db10f295644",
            "subnet_id": "subnet-066e6fc49c3303200"
          },
          "sensitive_attributes": [],
          "private": "bnVsbA==",
          "dependencies": [
            "module.networking.module.vpc.aws_route_table.private",
            "module.networking.module.vpc.aws_subnet.private",
            "module.networking.module.vpc.aws_vpc.this",
            "module.networking.module.vpc.aws_vpc_ipv4_cidr_block_association.this"
          ]
        }
      ]
    },
    {
      "module": "module.networking.module.vpc",
      "mode": "managed",
      "type": "aws_route_table_association",
      "name": "public",
      "provider": "provider[\"registry.terraform.io/hashicorp/aws\"]",
      "instances": [
        {
          "index_key": 0,
          "schema_version": 0,
          "attributes": {
            "gateway_id": null,
            "id": "rtbassoc-0a4a1184d4059a0a1",
            "route_table_id": "rtb-04a25e168019a7a26",
            "subnet_id": "subnet-0618ef58649b1c79b"
          },
          "sensitive_attributes": [],
          "private": "bnVsbA==",
          "dependencies": [
            "module.networking.module.vpc.aws_route_table.public",
            "module.networking.module.vpc.aws_subnet.public",
            "module.networking.module.vpc.aws_vpc.this",
            "module.networking.module.vpc.aws_vpc_ipv4_cidr_block_association.this"
          ]
        },
        {
          "index_key": 1,
          "schema_version": 0,
          "attributes": {
            "gateway_id": null,
            "id": "rtbassoc-0403366dddb26a883",
            "route_table_id": "rtb-04a25e168019a7a26",
            "subnet_id": "subnet-09526bda8c01afa7a"
          },
          "sensitive_attributes": [],
          "private": "bnVsbA==",
          "dependencies": [
            "module.networking.module.vpc.aws_route_table.public",
            "module.networking.module.vpc.aws_subnet.public",
            "module.networking.module.vpc.aws_vpc.this",
            "module.networking.module.vpc.aws_vpc_ipv4_cidr_block_association.this"
          ]
        }
      ]
    },
    {
      "module": "module.networking.module.vpc",
      "mode": "managed",
      "type": "aws_subnet",
      "name": "private",
      "provider": "provider[\"registry.terraform.io/hashicorp/aws\"]",
      "instances": [
        {
          "index_key": 0,
          "schema_version": 1,
          "attributes": {
            "arn": "arn:aws:ec2:us-east-1:076662237489:subnet/subnet-0a5277014842beb33",
            "assign_ipv6_address_on_creation": false,
            "availability_zone": "us-east-1a",
            "availability_zone_id": "use1-az6",
            "cidr_block": "10.1.2.0/24",
            "customer_owned_ipv4_pool": "",
            "id": "subnet-0a5277014842beb33",
            "ipv6_cidr_block": "",
            "ipv6_cidr_block_association_id": "",
            "map_customer_owned_ip_on_launch": false,
            "map_public_ip_on_launch": false,
            "outpost_arn": "",
            "owner_id": "076662237489",
            "tags": {
              "Name": "CF-vpc-private-us-east-1a"
            },
            "tags_all": {
              "Name": "CF-vpc-private-us-east-1a"
            },
            "timeouts": null,
            "vpc_id": "vpc-047412479f625f3c2"
          },
          "sensitive_attributes": [],
          "private": "eyJlMmJmYjczMC1lY2FhLTExZTYtOGY4OC0zNDM2M2JjN2M0YzAiOnsiY3JlYXRlIjo2MDAwMDAwMDAwMDAsImRlbGV0ZSI6MTIwMDAwMDAwMDAwMH0sInNjaGVtYV92ZXJzaW9uIjoiMSJ9",
          "dependencies": [
            "module.networking.module.vpc.aws_vpc.this",
            "module.networking.module.vpc.aws_vpc_ipv4_cidr_block_association.this"
          ],
          "create_before_destroy": true
        },
        {
          "index_key": 1,
          "schema_version": 1,
          "attributes": {
            "arn": "arn:aws:ec2:us-east-1:076662237489:subnet/subnet-066e6fc49c3303200",
            "assign_ipv6_address_on_creation": false,
            "availability_zone": "us-east-1b",
            "availability_zone_id": "use1-az1",
            "cidr_block": "10.1.3.0/24",
            "customer_owned_ipv4_pool": "",
            "id": "subnet-066e6fc49c3303200",
            "ipv6_cidr_block": "",
            "ipv6_cidr_block_association_id": "",
            "map_customer_owned_ip_on_launch": false,
            "map_public_ip_on_launch": false,
            "outpost_arn": "",
            "owner_id": "076662237489",
            "tags": {
              "Name": "CF-vpc-private-us-east-1b"
            },
            "tags_all": {
              "Name": "CF-vpc-private-us-east-1b"
            },
            "timeouts": null,
            "vpc_id": "vpc-047412479f625f3c2"
          },
          "sensitive_attributes": [],
          "private": "eyJlMmJmYjczMC1lY2FhLTExZTYtOGY4OC0zNDM2M2JjN2M0YzAiOnsiY3JlYXRlIjo2MDAwMDAwMDAwMDAsImRlbGV0ZSI6MTIwMDAwMDAwMDAwMH0sInNjaGVtYV92ZXJzaW9uIjoiMSJ9",
          "dependencies": [
            "module.networking.module.vpc.aws_vpc.this",
            "module.networking.module.vpc.aws_vpc_ipv4_cidr_block_association.this"
          ],
          "create_before_destroy": true
        }
      ]
    },
    {
      "module": "module.networking.module.vpc",
      "mode": "managed",
      "type": "aws_subnet",
      "name": "public",
      "provider": "provider[\"registry.terraform.io/hashicorp/aws\"]",
      "instances": [
        {
          "index_key": 0,
          "schema_version": 1,
          "attributes": {
            "arn": "arn:aws:ec2:us-east-1:076662237489:subnet/subnet-0618ef58649b1c79b",
            "assign_ipv6_address_on_creation": false,
            "availability_zone": "us-east-1a",
            "availability_zone_id": "use1-az6",
            "cidr_block": "10.1.0.0/24",
            "customer_owned_ipv4_pool": "",
            "id": "subnet-0618ef58649b1c79b",
            "ipv6_cidr_block": "",
            "ipv6_cidr_block_association_id": "",
            "map_customer_owned_ip_on_launch": false,
            "map_public_ip_on_launch": true,
            "outpost_arn": "",
            "owner_id": "076662237489",
            "tags": {
              "Name": "CF-vpc-public-us-east-1a"
            },
            "tags_all": {
              "Name": "CF-vpc-public-us-east-1a"
            },
            "timeouts": null,
            "vpc_id": "vpc-047412479f625f3c2"
          },
          "sensitive_attributes": [],
          "private": "eyJlMmJmYjczMC1lY2FhLTExZTYtOGY4OC0zNDM2M2JjN2M0YzAiOnsiY3JlYXRlIjo2MDAwMDAwMDAwMDAsImRlbGV0ZSI6MTIwMDAwMDAwMDAwMH0sInNjaGVtYV92ZXJzaW9uIjoiMSJ9",
          "dependencies": [
            "module.networking.module.vpc.aws_vpc.this",
            "module.networking.module.vpc.aws_vpc_ipv4_cidr_block_association.this"
          ]
        },
        {
          "index_key": 1,
          "schema_version": 1,
          "attributes": {
            "arn": "arn:aws:ec2:us-east-1:076662237489:subnet/subnet-09526bda8c01afa7a",
            "assign_ipv6_address_on_creation": false,
            "availability_zone": "us-east-1b",
            "availability_zone_id": "use1-az1",
            "cidr_block": "10.1.1.0/24",
            "customer_owned_ipv4_pool": "",
            "id": "subnet-09526bda8c01afa7a",
            "ipv6_cidr_block": "",
            "ipv6_cidr_block_association_id": "",
            "map_customer_owned_ip_on_launch": false,
            "map_public_ip_on_launch": true,
            "outpost_arn": "",
            "owner_id": "076662237489",
            "tags": {
              "Name": "CF-vpc-public-us-east-1b"
            },
            "tags_all": {
              "Name": "CF-vpc-public-us-east-1b"
            },
            "timeouts": null,
            "vpc_id": "vpc-047412479f625f3c2"
          },
          "sensitive_attributes": [],
          "private": "eyJlMmJmYjczMC1lY2FhLTExZTYtOGY4OC0zNDM2M2JjN2M0YzAiOnsiY3JlYXRlIjo2MDAwMDAwMDAwMDAsImRlbGV0ZSI6MTIwMDAwMDAwMDAwMH0sInNjaGVtYV92ZXJzaW9uIjoiMSJ9",
          "dependencies": [
            "module.networking.module.vpc.aws_vpc.this",
            "module.networking.module.vpc.aws_vpc_ipv4_cidr_block_association.this"
          ]
        }
      ]
    },
    {
      "module": "module.networking.module.vpc",
      "mode": "managed",
      "type": "aws_vpc",
      "name": "this",
      "provider": "provider[\"registry.terraform.io/hashicorp/aws\"]",
      "instances": [
        {
          "index_key": 0,
          "schema_version": 1,
          "attributes": {
            "arn": "arn:aws:ec2:us-east-1:076662237489:vpc/vpc-047412479f625f3c2",
            "assign_generated_ipv6_cidr_block": false,
            "cidr_block": "10.1.0.0/16",
            "default_network_acl_id": "acl-02a61fdecd52e00b5",
            "default_route_table_id": "rtb-0324b4b454e914b6f",
            "default_security_group_id": "sg-09f72f0659330d953",
            "dhcp_options_id": "dopt-0987be73",
            "enable_classiclink": false,
            "enable_classiclink_dns_support": false,
            "enable_dns_hostnames": false,
            "enable_dns_support": true,
            "id": "vpc-047412479f625f3c2",
            "instance_tenancy": "default",
            "ipv6_association_id": "",
            "ipv6_cidr_block": "",
            "main_route_table_id": "rtb-0324b4b454e914b6f",
            "owner_id": "076662237489",
            "tags": {
              "Name": "CF-vpc"
            },
            "tags_all": {
              "Name": "CF-vpc"
            }
          },
          "sensitive_attributes": [],
          "private": "eyJzY2hlbWFfdmVyc2lvbiI6IjEifQ==",
          "create_before_destroy": true
        }
      ]
    },
    {
      "module": "module.s3",
      "mode": "managed",
      "type": "aws_s3_bucket",
      "name": "coal-bucket2",
      "provider": "provider[\"registry.terraform.io/hashicorp/aws\"]",
      "instances": [
        {
          "schema_version": 0,
          "attributes": {
            "acceleration_status": "",
            "acl": "private",
            "arn": "arn:aws:s3:::coal-bucket2",
            "bucket": "coal-bucket2",
            "bucket_domain_name": "coal-bucket2.s3.amazonaws.com",
            "bucket_prefix": null,
            "bucket_regional_domain_name": "coal-bucket2.s3.amazonaws.com",
            "cors_rule": [],
            "force_destroy": false,
            "grant": [],
            "hosted_zone_id": "Z3AQBSTGFYJSTF",
            "id": "coal-bucket2",
            "lifecycle_rule": [
              {
                "abort_incomplete_multipart_upload_days": 0,
                "enabled": true,
                "expiration": [],
                "id": "image archive",
                "noncurrent_version_expiration": [],
                "noncurrent_version_transition": [],
                "prefix": "images/",
                "tags": {
                  "rule": "images/"
                },
                "transition": [
                  {
                    "date": "",
                    "days": 90,
                    "storage_class": "GLACIER"
                  }
                ]
              },
              {
                "abort_incomplete_multipart_upload_days": 0,
                "enabled": true,
                "expiration": [
                  {
                    "date": "",
                    "days": 90,
                    "expired_object_delete_marker": false
                  }
                ],
                "id": "logs",
                "noncurrent_version_expiration": [],
                "noncurrent_version_transition": [],
                "prefix": "logs/",
                "tags": {
                  "rule": "logs/"
                },
                "transition": []
              }
            ],
            "logging": [],
            "object_lock_configuration": [],
            "policy": null,
            "region": "us-east-1",
            "replication_configuration": [],
            "request_payer": "BucketOwner",
            "server_side_encryption_configuration": [],
            "tags": {},
            "tags_all": {},
            "versioning": [
              {
                "enabled": false,
                "mfa_delete": false
              }
            ],
            "website": [],
            "website_domain": null,
            "website_endpoint": null
          },
          "sensitive_attributes": [],
          "private": "bnVsbA=="
        }
      ]
    },
    {
      "module": "module.s3",
      "mode": "managed",
      "type": "aws_s3_bucket_object",
      "name": "s3-images",
      "provider": "provider[\"registry.terraform.io/hashicorp/aws\"]",
      "instances": [
        {
          "schema_version": 0,
          "attributes": {
            "acl": "private",
            "bucket": "coal-bucket2",
            "bucket_key_enabled": false,
            "cache_control": "",
            "content": null,
            "content_base64": null,
            "content_disposition": "",
            "content_encoding": "",
            "content_language": "",
            "content_type": "binary/octet-stream",
            "etag": "d41d8cd98f00b204e9800998ecf8427e",
            "force_destroy": false,
            "id": "images/",
            "key": "images/",
            "kms_key_id": null,
            "metadata": {},
            "object_lock_legal_hold_status": "",
            "object_lock_mode": "",
            "object_lock_retain_until_date": "",
            "server_side_encryption": "",
            "source": null,
            "storage_class": "STANDARD",
            "tags": {},
            "tags_all": {},
            "version_id": "",
            "website_redirect": ""
          },
          "sensitive_attributes": [],
          "private": "bnVsbA==",
          "dependencies": [
            "module.s3.aws_s3_bucket.coal-bucket2"
          ]
        }
      ]
    },
    {
      "module": "module.s3",
      "mode": "managed",
      "type": "aws_s3_bucket_object",
      "name": "s3-logs",
      "provider": "provider[\"registry.terraform.io/hashicorp/aws\"]",
      "instances": [
        {
          "schema_version": 0,
          "attributes": {
            "acl": "private",
            "bucket": "coal-bucket2",
            "bucket_key_enabled": false,
            "cache_control": "",
            "content": null,
            "content_base64": null,
            "content_disposition": "",
            "content_encoding": "",
            "content_language": "",
            "content_type": "binary/octet-stream",
            "etag": "d41d8cd98f00b204e9800998ecf8427e",
            "force_destroy": false,
            "id": "logs/",
            "key": "logs/",
            "kms_key_id": null,
            "metadata": {},
            "object_lock_legal_hold_status": "",
            "object_lock_mode": "",
            "object_lock_retain_until_date": "",
            "server_side_encryption": "",
            "source": null,
            "storage_class": "STANDARD",
            "tags": {},
            "tags_all": {},
            "version_id": "",
            "website_redirect": ""
          },
          "sensitive_attributes": [],
          "private": "bnVsbA==",
          "dependencies": [
            "module.s3.aws_s3_bucket.coal-bucket2"
          ]
        }
      ]
    },
    {
      "module": "module.ssh-key",
      "mode": "managed",
      "type": "aws_key_pair",
      "name": "key_pair",
      "provider": "provider[\"registry.terraform.io/hashicorp/aws\"]",
      "instances": [
        {
          "schema_version": 1,
          "attributes": {
            "arn": "arn:aws:ec2:us-east-1:076662237489:key-pair/CF-key",
            "fingerprint": "63:35:ee:ae:c9:d6:5f:24:01:1e:0d:25:b9:55:d6:db",
            "id": "CF-key",
            "key_name": "CF-key",
            "key_name_prefix": null,
            "key_pair_id": "key-0c270ba17e8a80297",
            "public_key": "ssh-rsa AAAAB3NzaC1yc2EAAAADAQABAAABAQCzzhBqofCQVyna0XzITcpz3FzpXeBY5aCdVXi412gpym+nMJ9e6vTYlbudvCXI0aoxAvN1FvOc7SRqiSeCmIZmNYdeavovaq3AQOCDGMP2QcSJ/Pz2c0A3c00tfvEjiOY3epLngJym6dU76eCcZlpLm7CJEyvsPVawhKXKkA63j88VGdELdoTmj7EtNKVAreM3iABBcoiD/w21w+Ko5X87yT4UPTk7zgcOBiCpKLe9cU72fP7IgsXGYI9AXlyFNoCe3jFJqGf4ZuUouOfcJR+1d2je2RI9msgmC6Uyl2Yw3jC7x69BV30ar1xKrTGgdiKEfDm+cxNNHbMoJsyTGpa7",
            "tags": {},
            "tags_all": {}
          },
          "sensitive_attributes": [],
          "private": "eyJzY2hlbWFfdmVyc2lvbiI6IjEifQ==",
          "dependencies": [
            "module.ssh-key.tls_private_key.key"
          ]
        }
      ]
    },
    {
      "module": "module.ssh-key",
      "mode": "managed",
      "type": "local_file",
      "name": "private_key",
      "provider": "provider[\"registry.terraform.io/hashicorp/local\"]",
      "instances": [
        {
          "schema_version": 0,
          "attributes": {
            "content": null,
            "content_base64": null,
            "directory_permission": "0777",
            "file_permission": "0400",
            "filename": "CF-key.pem",
            "id": "f66d445baa7f37ebf386e5546b45699e8710d323",
            "sensitive_content": "-----BEGIN RSA PRIVATE KEY-----\nMIIEogIBAAKCAQEAs84QaqHwkFcp2tF8yE3Kc9xc6V3gWOWgnVV4uNdoKcpvpzCf\nXur02JW7nbwlyNGqMQLzdRbznO0kaokngpiGZjWHXmr6L2qtwEDggxjD9kHEifz8\n9nNAN3NNLX7xI4jmN3qS54CcpunVO+ngnGZaS5uwiRMr7D1WsISlypAOt4/PFRnR\nC3aE5o+xLTSlQK3jN4gAQXKIg/8NtcPiqOV/O8k+FD05O84HDgYgqSi3vXFO9nz+\nyILFxmCPQF5chTaAnt4xSahn+GblKLjn3CUftXdo3tkSPZrIJgulMpdmMN4wu8ev\nQVd9Gq9cSq0xoHYihHw5vnMTTR2zKCbMkxqWuwIDAQABAoIBAHoppE++rQJ0pjRM\nppo0+DtV2i6YIKhlg4XCH55+g//40XlneLB1tFs/CFS4E3fos9hO5/iC2ouhN1/G\nxfheBtqEve9xgYAb2+dGbQPFHMdAkfcq0vfjABtslGA34kBBcCD7f7oYUNa7AqyN\nT5UTmX/LTNslEm+UkUSnKzmAPO+Lelo6u4jZU2Vym//yBvXYAlnHqsNg8eo7ZFhD\nwkcFaiHiXKI8QgobQ10pcL4qOpXekGE1SID1Ii5Bi6/GnjUCZqkp3vk2KARup2Fz\ngFD25n03eqWLS+rMFzbKHUiz+r90ePF3Qq52GW4ugBsWycXYd3Vuz+wtnRTLue6c\nPpg3M4ECgYEA5q6BLUfokKj3+sQjwKTUysuxkQBdNKxxU+PYVrIFdfDZqaWt8XHd\nyICYUO60i99FiX1uQEIcLSM2K361ceCG1b3whWMynnzaVz1DUf2QOIkRBPQJmhju\n0G8jnxF4hTStaBFdjXTbQPfpCyhFYl/UYm0XedXD55JHQuOyvBjB30ECgYEAx4oR\nrnc9I+RrroH13Dikx/1NFIeZtDSR8sNkFvGmmYYyb4j5AkQUvnvgnUq0VFeumII9\nvyCWj+EASC/H0zSZhePXGsf5+V7+em3QeNaldtY3w5vZflQ39TDzdvSBHuKz2sVJ\nJbc1VEOdfUY3+GQWJjwA8HwoMUl9q6xWOt7qMvsCgYBevL4afZS6jFpDZ3gTbt5h\nZuRG27JrpoJoZIN9n2D0vfR2Yq+cIBpodL+ZRV9qrkhdneDAjSYLN5HQrRoRaZeW\ngoocDdBFHJuDBor2Sj+HqGsP8LVczu6NNYeYlVE8y5SHz9Hu/VXqSaYwydos+5Q6\n0/i3NZ5eJUoU43SNIVHFwQKBgF2QJh5Slv6fesaG9cvfW5TS9zOrKa1QASd96w6/\nHMlcHYYjCe/AEKII4BehEdGCk8G7QEzAcRjh/gnbLa2hOmOHpDNQlawSmOy7VUd0\nDn4ckGVOTLtprhtwapjaqTjcQE1SuKvQrlbmpZA6PsBf3errs90PuqDxvtWip4RP\nRi3FAoGAbv+i7qkt+ozCokih8U1aMuvLr/nz3KxXJXIUnY1aeflOh3spDOz6yfbr\nrP/VQF19LyMOKECkL05TVn605qOB+gDPTULxVnYj/rHeJdZuFiNH/Ro57I7qMZ0Y\nGeFq+VkBEmmHYgwsYmLsw+es0/pHwVoJr6YzZTfSUMRC+8DXYIc=\n-----END RSA PRIVATE KEY-----\n",
            "source": null
          },
          "sensitive_attributes": [
            [
              {
                "type": "get_attr",
                "value": "sensitive_content"
              }
            ]
          ],
          "private": "bnVsbA==",
          "dependencies": [
            "module.ssh-key.tls_private_key.key"
          ]
        }
      ]
    },
    {
      "module": "module.ssh-key",
      "mode": "managed",
      "type": "tls_private_key",
      "name": "key",
      "provider": "provider[\"registry.terraform.io/hashicorp/tls\"]",
      "instances": [
        {
          "schema_version": 0,
          "attributes": {
            "algorithm": "RSA",
            "ecdsa_curve": "P224",
            "id": "8267371c41be3fbbacabecf4ab0fd32f46795000",
            "private_key_pem": "-----BEGIN RSA PRIVATE KEY-----\nMIIEogIBAAKCAQEAs84QaqHwkFcp2tF8yE3Kc9xc6V3gWOWgnVV4uNdoKcpvpzCf\nXur02JW7nbwlyNGqMQLzdRbznO0kaokngpiGZjWHXmr6L2qtwEDggxjD9kHEifz8\n9nNAN3NNLX7xI4jmN3qS54CcpunVO+ngnGZaS5uwiRMr7D1WsISlypAOt4/PFRnR\nC3aE5o+xLTSlQK3jN4gAQXKIg/8NtcPiqOV/O8k+FD05O84HDgYgqSi3vXFO9nz+\nyILFxmCPQF5chTaAnt4xSahn+GblKLjn3CUftXdo3tkSPZrIJgulMpdmMN4wu8ev\nQVd9Gq9cSq0xoHYihHw5vnMTTR2zKCbMkxqWuwIDAQABAoIBAHoppE++rQJ0pjRM\nppo0+DtV2i6YIKhlg4XCH55+g//40XlneLB1tFs/CFS4E3fos9hO5/iC2ouhN1/G\nxfheBtqEve9xgYAb2+dGbQPFHMdAkfcq0vfjABtslGA34kBBcCD7f7oYUNa7AqyN\nT5UTmX/LTNslEm+UkUSnKzmAPO+Lelo6u4jZU2Vym//yBvXYAlnHqsNg8eo7ZFhD\nwkcFaiHiXKI8QgobQ10pcL4qOpXekGE1SID1Ii5Bi6/GnjUCZqkp3vk2KARup2Fz\ngFD25n03eqWLS+rMFzbKHUiz+r90ePF3Qq52GW4ugBsWycXYd3Vuz+wtnRTLue6c\nPpg3M4ECgYEA5q6BLUfokKj3+sQjwKTUysuxkQBdNKxxU+PYVrIFdfDZqaWt8XHd\nyICYUO60i99FiX1uQEIcLSM2K361ceCG1b3whWMynnzaVz1DUf2QOIkRBPQJmhju\n0G8jnxF4hTStaBFdjXTbQPfpCyhFYl/UYm0XedXD55JHQuOyvBjB30ECgYEAx4oR\nrnc9I+RrroH13Dikx/1NFIeZtDSR8sNkFvGmmYYyb4j5AkQUvnvgnUq0VFeumII9\nvyCWj+EASC/H0zSZhePXGsf5+V7+em3QeNaldtY3w5vZflQ39TDzdvSBHuKz2sVJ\nJbc1VEOdfUY3+GQWJjwA8HwoMUl9q6xWOt7qMvsCgYBevL4afZS6jFpDZ3gTbt5h\nZuRG27JrpoJoZIN9n2D0vfR2Yq+cIBpodL+ZRV9qrkhdneDAjSYLN5HQrRoRaZeW\ngoocDdBFHJuDBor2Sj+HqGsP8LVczu6NNYeYlVE8y5SHz9Hu/VXqSaYwydos+5Q6\n0/i3NZ5eJUoU43SNIVHFwQKBgF2QJh5Slv6fesaG9cvfW5TS9zOrKa1QASd96w6/\nHMlcHYYjCe/AEKII4BehEdGCk8G7QEzAcRjh/gnbLa2hOmOHpDNQlawSmOy7VUd0\nDn4ckGVOTLtprhtwapjaqTjcQE1SuKvQrlbmpZA6PsBf3errs90PuqDxvtWip4RP\nRi3FAoGAbv+i7qkt+ozCokih8U1aMuvLr/nz3KxXJXIUnY1aeflOh3spDOz6yfbr\nrP/VQF19LyMOKECkL05TVn605qOB+gDPTULxVnYj/rHeJdZuFiNH/Ro57I7qMZ0Y\nGeFq+VkBEmmHYgwsYmLsw+es0/pHwVoJr6YzZTfSUMRC+8DXYIc=\n-----END RSA PRIVATE KEY-----\n",
            "public_key_fingerprint_md5": "ae:61:19:c2:68:71:66:a9:64:74:89:d3:99:53:c2:e0",
            "public_key_openssh": "ssh-rsa AAAAB3NzaC1yc2EAAAADAQABAAABAQCzzhBqofCQVyna0XzITcpz3FzpXeBY5aCdVXi412gpym+nMJ9e6vTYlbudvCXI0aoxAvN1FvOc7SRqiSeCmIZmNYdeavovaq3AQOCDGMP2QcSJ/Pz2c0A3c00tfvEjiOY3epLngJym6dU76eCcZlpLm7CJEyvsPVawhKXKkA63j88VGdELdoTmj7EtNKVAreM3iABBcoiD/w21w+Ko5X87yT4UPTk7zgcOBiCpKLe9cU72fP7IgsXGYI9AXlyFNoCe3jFJqGf4ZuUouOfcJR+1d2je2RI9msgmC6Uyl2Yw3jC7x69BV30ar1xKrTGgdiKEfDm+cxNNHbMoJsyTGpa7\n",
            "public_key_pem": "-----BEGIN PUBLIC KEY-----\nMIIBIjANBgkqhkiG9w0BAQEFAAOCAQ8AMIIBCgKCAQEAs84QaqHwkFcp2tF8yE3K\nc9xc6V3gWOWgnVV4uNdoKcpvpzCfXur02JW7nbwlyNGqMQLzdRbznO0kaokngpiG\nZjWHXmr6L2qtwEDggxjD9kHEifz89nNAN3NNLX7xI4jmN3qS54CcpunVO+ngnGZa\nS5uwiRMr7D1WsISlypAOt4/PFRnRC3aE5o+xLTSlQK3jN4gAQXKIg/8NtcPiqOV/\nO8k+FD05O84HDgYgqSi3vXFO9nz+yILFxmCPQF5chTaAnt4xSahn+GblKLjn3CUf\ntXdo3tkSPZrIJgulMpdmMN4wu8evQVd9Gq9cSq0xoHYihHw5vnMTTR2zKCbMkxqW\nuwIDAQAB\n-----END PUBLIC KEY-----\n",
            "rsa_bits": 2048
          },
          "sensitive_attributes": [],
          "private": "bnVsbA=="
        }
      ]
    }
  ]
}
